
Microsoft Visual Studio Solution File, Format Version 12.00
# Visual Studio Version 16
VisualStudioVersion = 16.0.28729.10
MinimumVisualStudioVersion = 10.0.40219.1
Project("{FAE04EC0-301F-11D3-BF4B-00C04F79EFBC}") = "practica_al", "practica_al.csproj", "{22E62883-BD09-408B-ABD1-1DDF6979E887}"
EndProject
Project("{FAE04EC0-301F-11D3-BF4B-00C04F79EFBC}") = "MiLibreria", "..\MiLibreria\MiLibreria.csproj", "{14FE66F6-A8B0-43F2-AEA3-0C2B33112A03}"
EndProject
Global
	GlobalSection(SolutionConfigurationPlatforms) = preSolution
		Debug|Any CPU = Debug|Any CPU
		Release|Any CPU = Release|Any CPU
	EndGlobalSection
	GlobalSection(ProjectConfigurationPlatforms) = postSolution
		{22E62883-BD09-408B-ABD1-1DDF6979E887}.Debug|Any CPU.ActiveCfg = Debug|Any CPU
		{22E62883-BD09-408B-ABD1-1DDF6979E887}.Debug|Any CPU.Build.0 = Debug|Any CPU
		{22E62883-BD09-408B-ABD1-1DDF6979E887}.Release|Any CPU.ActiveCfg = Release|Any CPU
		{22E62883-BD09-408B-ABD1-1DDF6979E887}.Release|Any CPU.Build.0 = Release|Any CPU
		{14FE66F6-A8B0-43F2-AEA3-0C2B33112A03}.Debug|Any CPU.ActiveCfg = Debug|Any CPU
		{14FE66F6-A8B0-43F2-AEA3-0C2B33112A03}.Debug|Any CPU.Build.0 = Debug|Any CPU
		{14FE66F6-A8B0-43F2-AEA3-0C2B33112A03}.Release|Any CPU.ActiveCfg = Release|Any CPU
		{14FE66F6-A8B0-43F2-AEA3-0C2B33112A03}.Release|Any CPU.Build.0 = Release|Any CPU
	EndGlobalSection
	GlobalSection(SolutionProperties) = preSolution
		HideSolutionNode = FALSE
	EndGlobalSection
	GlobalSection(ExtensibilityGlobals) = postSolution
		SolutionGuid = {94BF9BF5-7B59-4E7F-8B26-622C3D7888DB}
	EndGlobalSection
EndGlobal
